// !$*UTF8*$!
{
	archiveVersion = 1;
	classes = {
	};
	objectVersion = 52;
	objects = {

/* Begin PBXBuildFile section */
		2F581B232436D5750062B950 /* DetailFilmViewController.swift in Sources */ = {isa = PBXBuildFile; fileRef = 2F581B222436D5740062B950 /* DetailFilmViewController.swift */; };
		2F581B252436DBA20062B950 /* StretchyLayout.swift in Sources */ = {isa = PBXBuildFile; fileRef = 2F581B242436DBA20062B950 /* StretchyLayout.swift */; };
		2F581B2D2436E0F20062B950 /* NavBarTransparent.swift in Sources */ = {isa = PBXBuildFile; fileRef = 2F581B2C2436E0F20062B950 /* NavBarTransparent.swift */; };
		2F581B342436ED0A0062B950 /* DescriptionMovieCell.swift in Sources */ = {isa = PBXBuildFile; fileRef = 2F581B322436ED0A0062B950 /* DescriptionMovieCell.swift */; };
		2F581B352436ED0A0062B950 /* DescriptionMovieCell.xib in Resources */ = {isa = PBXBuildFile; fileRef = 2F581B332436ED0A0062B950 /* DescriptionMovieCell.xib */; };
		2F581B382436F3CB0062B950 /* MoreMovieGridListCell.swift in Sources */ = {isa = PBXBuildFile; fileRef = 2F581B362436F3CB0062B950 /* MoreMovieGridListCell.swift */; };
		2F581B392436F3CB0062B950 /* MoreMovieGridListCell.xib in Resources */ = {isa = PBXBuildFile; fileRef = 2F581B372436F3CB0062B950 /* MoreMovieGridListCell.xib */; };
		2F95BCBC243636A9006C29FA /* SectionWithShortVideoCell.swift in Sources */ = {isa = PBXBuildFile; fileRef = 2F95BCBA243636A9006C29FA /* SectionWithShortVideoCell.swift */; };
		2F95BCBD243636A9006C29FA /* SectionWithShortVideoCell.xib in Resources */ = {isa = PBXBuildFile; fileRef = 2F95BCBB243636A9006C29FA /* SectionWithShortVideoCell.xib */; };
		2FE0F82D2436385C0004BF96 /* BestMovieWithShortVideoSection.swift in Sources */ = {isa = PBXBuildFile; fileRef = 2FE0F82C2436385C0004BF96 /* BestMovieWithShortVideoSection.swift */; };
		2FE0F82F24363DD30004BF96 /* FeaturedMovieVerticalOnShortVideo.swift in Sources */ = {isa = PBXBuildFile; fileRef = 2FE0F82E24363DD30004BF96 /* FeaturedMovieVerticalOnShortVideo.swift */; };
		2FE0F837243641EC0004BF96 /* Kingfisher in Frameworks */ = {isa = PBXBuildFile; productRef = 2FE0F836243641EC0004BF96 /* Kingfisher */; };
		2FE0F838243641EC0004BF96 /* Kingfisher in Embed Frameworks */ = {isa = PBXBuildFile; productRef = 2FE0F836243641EC0004BF96 /* Kingfisher */; settings = {ATTRIBUTES = (CodeSignOnCopy, ); }; };
		2FE0F83E243642F30004BF96 /* YoutubePlayerView in Frameworks */ = {isa = PBXBuildFile; productRef = 2FE0F83D243642F30004BF96 /* YoutubePlayerView */; };
		2FE0F841243647090004BF96 /* UIColorExtensions.swift in Sources */ = {isa = PBXBuildFile; fileRef = 2FE0F840243647090004BF96 /* UIColorExtensions.swift */; };
		2FE4CD9F242F9D60003B4B79 /* AppDelegate.swift in Sources */ = {isa = PBXBuildFile; fileRef = 2FE4CD9E242F9D60003B4B79 /* AppDelegate.swift */; };
		2FE4CDA1242F9D60003B4B79 /* SceneDelegate.swift in Sources */ = {isa = PBXBuildFile; fileRef = 2FE4CDA0242F9D60003B4B79 /* SceneDelegate.swift */; };
		2FE4CDA6242F9D60003B4B79 /* Main.storyboard in Resources */ = {isa = PBXBuildFile; fileRef = 2FE4CDA4242F9D60003B4B79 /* Main.storyboard */; };
		2FE4CDA8242F9D62003B4B79 /* Assets.xcassets in Resources */ = {isa = PBXBuildFile; fileRef = 2FE4CDA7242F9D62003B4B79 /* Assets.xcassets */; };
		2FE4CDAB242F9D62003B4B79 /* LaunchScreen.storyboard in Resources */ = {isa = PBXBuildFile; fileRef = 2FE4CDA9242F9D62003B4B79 /* LaunchScreen.storyboard */; };
		2FE4CDB6242F9D62003B4B79 /* YukPlayTests.swift in Sources */ = {isa = PBXBuildFile; fileRef = 2FE4CDB5242F9D62003B4B79 /* YukPlayTests.swift */; };
		2FE4CDC1242F9D62003B4B79 /* YukPlayUITests.swift in Sources */ = {isa = PBXBuildFile; fileRef = 2FE4CDC0242F9D62003B4B79 /* YukPlayUITests.swift */; };
		2FE4CDD1242F9F3E003B4B79 /* BerandaViewController.swift in Sources */ = {isa = PBXBuildFile; fileRef = 2FE4CDD0242F9F3E003B4B79 /* BerandaViewController.swift */; };
		2FE4CDD3242FA3A9003B4B79 /* Sections.swift in Sources */ = {isa = PBXBuildFile; fileRef = 2FE4CDD2242FA3A9003B4B79 /* Sections.swift */; };
		2FE4CDD5242FA409003B4B79 /* ShowCaseBannerSection.swift in Sources */ = {isa = PBXBuildFile; fileRef = 2FE4CDD4242FA409003B4B79 /* ShowCaseBannerSection.swift */; };
		2FE4CDD9242FA465003B4B79 /* ShowCaseBannerCell.swift in Sources */ = {isa = PBXBuildFile; fileRef = 2FE4CDD7242FA465003B4B79 /* ShowCaseBannerCell.swift */; };
		2FE4CDDA242FA465003B4B79 /* ShowCaseBannerCell.xib in Resources */ = {isa = PBXBuildFile; fileRef = 2FE4CDD8242FA465003B4B79 /* ShowCaseBannerCell.xib */; };
		2FE4CDDD242FA590003B4B79 /* ReusableView.swift in Sources */ = {isa = PBXBuildFile; fileRef = 2FE4CDDC242FA590003B4B79 /* ReusableView.swift */; };
		2FE4CDE6242FAC72003B4B79 /* FeaturedMovieVerticalSection.swift in Sources */ = {isa = PBXBuildFile; fileRef = 2FE4CDE5242FAC72003B4B79 /* FeaturedMovieVerticalSection.swift */; };
		2FE4CDE9242FAD10003B4B79 /* SectionTitleCell.swift in Sources */ = {isa = PBXBuildFile; fileRef = 2FE4CDE7242FAD10003B4B79 /* SectionTitleCell.swift */; };
		2FE4CDEA242FAD10003B4B79 /* SectionTitleCell.xib in Resources */ = {isa = PBXBuildFile; fileRef = 2FE4CDE8242FAD10003B4B79 /* SectionTitleCell.xib */; };
		2FE4CDEC242FAE43003B4B79 /* SectionTitleSection.swift in Sources */ = {isa = PBXBuildFile; fileRef = 2FE4CDEB242FAE43003B4B79 /* SectionTitleSection.swift */; };
		2FE4CDEE242FB014003B4B79 /* FeaturedMovie2ColumnSection.swift in Sources */ = {isa = PBXBuildFile; fileRef = 2FE4CDED242FB014003B4B79 /* FeaturedMovie2ColumnSection.swift */; };
		2FE4CDF5242FC093003B4B79 /* ZCycleView.swift in Sources */ = {isa = PBXBuildFile; fileRef = 2FE4CDF1242FC092003B4B79 /* ZCycleView.swift */; };
		2FE4CDF6242FC093003B4B79 /* ZCycleViewCell.swift in Sources */ = {isa = PBXBuildFile; fileRef = 2FE4CDF2242FC092003B4B79 /* ZCycleViewCell.swift */; };
		2FE4CDF7242FC093003B4B79 /* ZCycleLayout.swift in Sources */ = {isa = PBXBuildFile; fileRef = 2FE4CDF3242FC092003B4B79 /* ZCycleLayout.swift */; };
		2FE4CDF8242FC093003B4B79 /* ZPageControl.swift in Sources */ = {isa = PBXBuildFile; fileRef = 2FE4CDF4242FC092003B4B79 /* ZPageControl.swift */; };
		2FE4CDFB242FC0B1003B4B79 /* BannerSlideFeaturedCell.swift in Sources */ = {isa = PBXBuildFile; fileRef = 2FE4CDF9242FC0B1003B4B79 /* BannerSlideFeaturedCell.swift */; };
		2FE4CDFC242FC0B1003B4B79 /* BannerSlideFeaturedCell.xib in Resources */ = {isa = PBXBuildFile; fileRef = 2FE4CDFA242FC0B1003B4B79 /* BannerSlideFeaturedCell.xib */; };
		2FE4CDFE242FC1D3003B4B79 /* BannerSlideFeatureSection.swift in Sources */ = {isa = PBXBuildFile; fileRef = 2FE4CDFD242FC1D3003B4B79 /* BannerSlideFeatureSection.swift */; };
		2FE4CE01242FCD04003B4B79 /* EmptyView.swift in Sources */ = {isa = PBXBuildFile; fileRef = 2FE4CE00242FCD04003B4B79 /* EmptyView.swift */; };
		2FE4CE03242FCD0E003B4B79 /* EmptyView.xib in Resources */ = {isa = PBXBuildFile; fileRef = 2FE4CE02242FCD0E003B4B79 /* EmptyView.xib */; };
		2FE4CE05242FCE52003B4B79 /* PencarianFilmViewController.swift in Sources */ = {isa = PBXBuildFile; fileRef = 2FE4CE04242FCE52003B4B79 /* PencarianFilmViewController.swift */; };
		2FE729412430598E00FAAC42 /* DownloadFilmViewController.swift in Sources */ = {isa = PBXBuildFile; fileRef = 2FE729402430598E00FAAC42 /* DownloadFilmViewController.swift */; };
		2FE7294324305AAD00FAAC42 /* AkunSayaViewController.swift in Sources */ = {isa = PBXBuildFile; fileRef = 2FE7294224305AAD00FAAC42 /* AkunSayaViewController.swift */; };
		2FE7294624305BB400FAAC42 /* MyProfileCell.swift in Sources */ = {isa = PBXBuildFile; fileRef = 2FE7294424305BB400FAAC42 /* MyProfileCell.swift */; };
		2FE7294724305BB400FAAC42 /* MyProfileCell.xib in Resources */ = {isa = PBXBuildFile; fileRef = 2FE7294524305BB400FAAC42 /* MyProfileCell.xib */; };
		2FE7294924305D2B00FAAC42 /* ProfileUserSection.swift in Sources */ = {isa = PBXBuildFile; fileRef = 2FE7294824305D2B00FAAC42 /* ProfileUserSection.swift */; };
		2FE7294C2430616E00FAAC42 /* ListMenuCell.swift in Sources */ = {isa = PBXBuildFile; fileRef = 2FE7294A2430616E00FAAC42 /* ListMenuCell.swift */; };
		2FE7294D2430616E00FAAC42 /* ListMenuCell.xib in Resources */ = {isa = PBXBuildFile; fileRef = 2FE7294B2430616E00FAAC42 /* ListMenuCell.xib */; };
		2FE7294F243062CA00FAAC42 /* ListMenuSection.swift in Sources */ = {isa = PBXBuildFile; fileRef = 2FE7294E243062CA00FAAC42 /* ListMenuSection.swift */; };
		2FE729522430659200FAAC42 /* SpaceBetweenCell.swift in Sources */ = {isa = PBXBuildFile; fileRef = 2FE729502430659200FAAC42 /* SpaceBetweenCell.swift */; };
		2FE729532430659200FAAC42 /* SpaceBetweenCell.xib in Resources */ = {isa = PBXBuildFile; fileRef = 2FE729512430659200FAAC42 /* SpaceBetweenCell.xib */; };
		2FE72955243065AE00FAAC42 /* SpaceBetweenSection.swift in Sources */ = {isa = PBXBuildFile; fileRef = 2FE72954243065AE00FAAC42 /* SpaceBetweenSection.swift */; };
		2FE729582430671800FAAC42 /* CenterButtonCell.swift in Sources */ = {isa = PBXBuildFile; fileRef = 2FE729562430671800FAAC42 /* CenterButtonCell.swift */; };
		2FE729592430671800FAAC42 /* CenterButtonCell.xib in Resources */ = {isa = PBXBuildFile; fileRef = 2FE729572430671800FAAC42 /* CenterButtonCell.xib */; };
		2FE7295B2430675600FAAC42 /* CenterButtonSection.swift in Sources */ = {isa = PBXBuildFile; fileRef = 2FE7295A2430675600FAAC42 /* CenterButtonSection.swift */; };
		2FE7295E243081B900FAAC42 /* ViewAnimator in Frameworks */ = {isa = PBXBuildFile; productRef = 2FE7295D243081B900FAAC42 /* ViewAnimator */; };
		2FE729602430888900FAAC42 /* GridFilmSection.swift in Sources */ = {isa = PBXBuildFile; fileRef = 2FE7295F2430888900FAAC42 /* GridFilmSection.swift */; };
/* End PBXBuildFile section */

/* Begin PBXContainerItemProxy section */
		2FE4CDB2242F9D62003B4B79 /* PBXContainerItemProxy */ = {
			isa = PBXContainerItemProxy;
			containerPortal = 2FE4CD93242F9D60003B4B79 /* Project object */;
			proxyType = 1;
			remoteGlobalIDString = 2FE4CD9A242F9D60003B4B79;
			remoteInfo = YukPlay;
		};
		2FE4CDBD242F9D62003B4B79 /* PBXContainerItemProxy */ = {
			isa = PBXContainerItemProxy;
			containerPortal = 2FE4CD93242F9D60003B4B79 /* Project object */;
			proxyType = 1;
			remoteGlobalIDString = 2FE4CD9A242F9D60003B4B79;
			remoteInfo = YukPlay;
		};
/* End PBXContainerItemProxy section */

/* Begin PBXCopyFilesBuildPhase section */
		2FE0F834243641DF0004BF96 /* Embed Frameworks */ = {
			isa = PBXCopyFilesBuildPhase;
			buildActionMask = 2147483647;
			dstPath = "";
			dstSubfolderSpec = 10;
			files = (
				2FE0F838243641EC0004BF96 /* Kingfisher in Embed Frameworks */,
			);
			name = "Embed Frameworks";
			runOnlyForDeploymentPostprocessing = 0;
		};
/* End PBXCopyFilesBuildPhase section */

/* Begin PBXFileReference section */
		2F581B222436D5740062B950 /* DetailFilmViewController.swift */ = {isa = PBXFileReference; lastKnownFileType = sourcecode.swift; path = DetailFilmViewController.swift; sourceTree = "<group>"; };
		2F581B242436DBA20062B950 /* StretchyLayout.swift */ = {isa = PBXFileReference; lastKnownFileType = sourcecode.swift; path = StretchyLayout.swift; sourceTree = "<group>"; };
		2F581B2C2436E0F20062B950 /* NavBarTransparent.swift */ = {isa = PBXFileReference; lastKnownFileType = sourcecode.swift; path = NavBarTransparent.swift; sourceTree = "<group>"; };
		2F581B322436ED0A0062B950 /* DescriptionMovieCell.swift */ = {isa = PBXFileReference; lastKnownFileType = sourcecode.swift; path = DescriptionMovieCell.swift; sourceTree = "<group>"; };
		2F581B332436ED0A0062B950 /* DescriptionMovieCell.xib */ = {isa = PBXFileReference; lastKnownFileType = file.xib; path = DescriptionMovieCell.xib; sourceTree = "<group>"; };
		2F581B362436F3CB0062B950 /* MoreMovieGridListCell.swift */ = {isa = PBXFileReference; lastKnownFileType = sourcecode.swift; path = MoreMovieGridListCell.swift; sourceTree = "<group>"; };
		2F581B372436F3CB0062B950 /* MoreMovieGridListCell.xib */ = {isa = PBXFileReference; lastKnownFileType = file.xib; path = MoreMovieGridListCell.xib; sourceTree = "<group>"; };
		2F95BCBA243636A9006C29FA /* SectionWithShortVideoCell.swift */ = {isa = PBXFileReference; lastKnownFileType = sourcecode.swift; path = SectionWithShortVideoCell.swift; sourceTree = "<group>"; };
		2F95BCBB243636A9006C29FA /* SectionWithShortVideoCell.xib */ = {isa = PBXFileReference; lastKnownFileType = file.xib; path = SectionWithShortVideoCell.xib; sourceTree = "<group>"; };
		2FE0F82C2436385C0004BF96 /* BestMovieWithShortVideoSection.swift */ = {isa = PBXFileReference; lastKnownFileType = sourcecode.swift; path = BestMovieWithShortVideoSection.swift; sourceTree = "<group>"; };
		2FE0F82E24363DD30004BF96 /* FeaturedMovieVerticalOnShortVideo.swift */ = {isa = PBXFileReference; lastKnownFileType = sourcecode.swift; path = FeaturedMovieVerticalOnShortVideo.swift; sourceTree = "<group>"; };
		2FE0F840243647090004BF96 /* UIColorExtensions.swift */ = {isa = PBXFileReference; lastKnownFileType = sourcecode.swift; path = UIColorExtensions.swift; sourceTree = "<group>"; };
		2FE4CD9B242F9D60003B4B79 /* YukPlay.app */ = {isa = PBXFileReference; explicitFileType = wrapper.application; includeInIndex = 0; path = YukPlay.app; sourceTree = BUILT_PRODUCTS_DIR; };
		2FE4CD9E242F9D60003B4B79 /* AppDelegate.swift */ = {isa = PBXFileReference; lastKnownFileType = sourcecode.swift; path = AppDelegate.swift; sourceTree = "<group>"; };
		2FE4CDA0242F9D60003B4B79 /* SceneDelegate.swift */ = {isa = PBXFileReference; lastKnownFileType = sourcecode.swift; path = SceneDelegate.swift; sourceTree = "<group>"; };
		2FE4CDA5242F9D60003B4B79 /* Base */ = {isa = PBXFileReference; lastKnownFileType = file.storyboard; name = Base; path = Base.lproj/Main.storyboard; sourceTree = "<group>"; };
		2FE4CDA7242F9D62003B4B79 /* Assets.xcassets */ = {isa = PBXFileReference; lastKnownFileType = folder.assetcatalog; path = Assets.xcassets; sourceTree = "<group>"; };
		2FE4CDAA242F9D62003B4B79 /* Base */ = {isa = PBXFileReference; lastKnownFileType = file.storyboard; name = Base; path = Base.lproj/LaunchScreen.storyboard; sourceTree = "<group>"; };
		2FE4CDAC242F9D62003B4B79 /* Info.plist */ = {isa = PBXFileReference; lastKnownFileType = text.plist.xml; path = Info.plist; sourceTree = "<group>"; };
		2FE4CDB1242F9D62003B4B79 /* YukPlayTests.xctest */ = {isa = PBXFileReference; explicitFileType = wrapper.cfbundle; includeInIndex = 0; path = YukPlayTests.xctest; sourceTree = BUILT_PRODUCTS_DIR; };
		2FE4CDB5242F9D62003B4B79 /* YukPlayTests.swift */ = {isa = PBXFileReference; lastKnownFileType = sourcecode.swift; path = YukPlayTests.swift; sourceTree = "<group>"; };
		2FE4CDB7242F9D62003B4B79 /* Info.plist */ = {isa = PBXFileReference; lastKnownFileType = text.plist.xml; path = Info.plist; sourceTree = "<group>"; };
		2FE4CDBC242F9D62003B4B79 /* YukPlayUITests.xctest */ = {isa = PBXFileReference; explicitFileType = wrapper.cfbundle; includeInIndex = 0; path = YukPlayUITests.xctest; sourceTree = BUILT_PRODUCTS_DIR; };
		2FE4CDC0242F9D62003B4B79 /* YukPlayUITests.swift */ = {isa = PBXFileReference; lastKnownFileType = sourcecode.swift; path = YukPlayUITests.swift; sourceTree = "<group>"; };
		2FE4CDC2242F9D62003B4B79 /* Info.plist */ = {isa = PBXFileReference; lastKnownFileType = text.plist.xml; path = Info.plist; sourceTree = "<group>"; };
		2FE4CDD0242F9F3E003B4B79 /* BerandaViewController.swift */ = {isa = PBXFileReference; lastKnownFileType = sourcecode.swift; path = BerandaViewController.swift; sourceTree = "<group>"; };
		2FE4CDD2242FA3A9003B4B79 /* Sections.swift */ = {isa = PBXFileReference; lastKnownFileType = sourcecode.swift; path = Sections.swift; sourceTree = "<group>"; };
		2FE4CDD4242FA409003B4B79 /* ShowCaseBannerSection.swift */ = {isa = PBXFileReference; lastKnownFileType = sourcecode.swift; path = ShowCaseBannerSection.swift; sourceTree = "<group>"; };
		2FE4CDD7242FA465003B4B79 /* ShowCaseBannerCell.swift */ = {isa = PBXFileReference; lastKnownFileType = sourcecode.swift; path = ShowCaseBannerCell.swift; sourceTree = "<group>"; };
		2FE4CDD8242FA465003B4B79 /* ShowCaseBannerCell.xib */ = {isa = PBXFileReference; lastKnownFileType = file.xib; path = ShowCaseBannerCell.xib; sourceTree = "<group>"; };
		2FE4CDDC242FA590003B4B79 /* ReusableView.swift */ = {isa = PBXFileReference; lastKnownFileType = sourcecode.swift; path = ReusableView.swift; sourceTree = "<group>"; };
		2FE4CDE5242FAC72003B4B79 /* FeaturedMovieVerticalSection.swift */ = {isa = PBXFileReference; lastKnownFileType = sourcecode.swift; path = FeaturedMovieVerticalSection.swift; sourceTree = "<group>"; };
		2FE4CDE7242FAD10003B4B79 /* SectionTitleCell.swift */ = {isa = PBXFileReference; lastKnownFileType = sourcecode.swift; path = SectionTitleCell.swift; sourceTree = "<group>"; };
		2FE4CDE8242FAD10003B4B79 /* SectionTitleCell.xib */ = {isa = PBXFileReference; lastKnownFileType = file.xib; path = SectionTitleCell.xib; sourceTree = "<group>"; };
		2FE4CDEB242FAE43003B4B79 /* SectionTitleSection.swift */ = {isa = PBXFileReference; lastKnownFileType = sourcecode.swift; path = SectionTitleSection.swift; sourceTree = "<group>"; };
		2FE4CDED242FB014003B4B79 /* FeaturedMovie2ColumnSection.swift */ = {isa = PBXFileReference; lastKnownFileType = sourcecode.swift; path = FeaturedMovie2ColumnSection.swift; sourceTree = "<group>"; };
		2FE4CDF1242FC092003B4B79 /* ZCycleView.swift */ = {isa = PBXFileReference; fileEncoding = 4; lastKnownFileType = sourcecode.swift; path = ZCycleView.swift; sourceTree = "<group>"; };
		2FE4CDF2242FC092003B4B79 /* ZCycleViewCell.swift */ = {isa = PBXFileReference; fileEncoding = 4; lastKnownFileType = sourcecode.swift; path = ZCycleViewCell.swift; sourceTree = "<group>"; };
		2FE4CDF3242FC092003B4B79 /* ZCycleLayout.swift */ = {isa = PBXFileReference; fileEncoding = 4; lastKnownFileType = sourcecode.swift; path = ZCycleLayout.swift; sourceTree = "<group>"; };
		2FE4CDF4242FC092003B4B79 /* ZPageControl.swift */ = {isa = PBXFileReference; fileEncoding = 4; lastKnownFileType = sourcecode.swift; path = ZPageControl.swift; sourceTree = "<group>"; };
		2FE4CDF9242FC0B1003B4B79 /* BannerSlideFeaturedCell.swift */ = {isa = PBXFileReference; lastKnownFileType = sourcecode.swift; path = BannerSlideFeaturedCell.swift; sourceTree = "<group>"; };
		2FE4CDFA242FC0B1003B4B79 /* BannerSlideFeaturedCell.xib */ = {isa = PBXFileReference; lastKnownFileType = file.xib; path = BannerSlideFeaturedCell.xib; sourceTree = "<group>"; };
		2FE4CDFD242FC1D3003B4B79 /* BannerSlideFeatureSection.swift */ = {isa = PBXFileReference; lastKnownFileType = sourcecode.swift; path = BannerSlideFeatureSection.swift; sourceTree = "<group>"; };
		2FE4CE00242FCD04003B4B79 /* EmptyView.swift */ = {isa = PBXFileReference; lastKnownFileType = sourcecode.swift; path = EmptyView.swift; sourceTree = "<group>"; };
		2FE4CE02242FCD0E003B4B79 /* EmptyView.xib */ = {isa = PBXFileReference; lastKnownFileType = file.xib; path = EmptyView.xib; sourceTree = "<group>"; };
		2FE4CE04242FCE52003B4B79 /* PencarianFilmViewController.swift */ = {isa = PBXFileReference; lastKnownFileType = sourcecode.swift; path = PencarianFilmViewController.swift; sourceTree = "<group>"; };
		2FE729402430598E00FAAC42 /* DownloadFilmViewController.swift */ = {isa = PBXFileReference; lastKnownFileType = sourcecode.swift; path = DownloadFilmViewController.swift; sourceTree = "<group>"; };
		2FE7294224305AAD00FAAC42 /* AkunSayaViewController.swift */ = {isa = PBXFileReference; lastKnownFileType = sourcecode.swift; path = AkunSayaViewController.swift; sourceTree = "<group>"; };
		2FE7294424305BB400FAAC42 /* MyProfileCell.swift */ = {isa = PBXFileReference; lastKnownFileType = sourcecode.swift; path = MyProfileCell.swift; sourceTree = "<group>"; };
		2FE7294524305BB400FAAC42 /* MyProfileCell.xib */ = {isa = PBXFileReference; lastKnownFileType = file.xib; path = MyProfileCell.xib; sourceTree = "<group>"; };
		2FE7294824305D2B00FAAC42 /* ProfileUserSection.swift */ = {isa = PBXFileReference; lastKnownFileType = sourcecode.swift; path = ProfileUserSection.swift; sourceTree = "<group>"; };
		2FE7294A2430616E00FAAC42 /* ListMenuCell.swift */ = {isa = PBXFileReference; lastKnownFileType = sourcecode.swift; path = ListMenuCell.swift; sourceTree = "<group>"; };
		2FE7294B2430616E00FAAC42 /* ListMenuCell.xib */ = {isa = PBXFileReference; lastKnownFileType = file.xib; path = ListMenuCell.xib; sourceTree = "<group>"; };
		2FE7294E243062CA00FAAC42 /* ListMenuSection.swift */ = {isa = PBXFileReference; lastKnownFileType = sourcecode.swift; path = ListMenuSection.swift; sourceTree = "<group>"; };
		2FE729502430659200FAAC42 /* SpaceBetweenCell.swift */ = {isa = PBXFileReference; lastKnownFileType = sourcecode.swift; path = SpaceBetweenCell.swift; sourceTree = "<group>"; };
		2FE729512430659200FAAC42 /* SpaceBetweenCell.xib */ = {isa = PBXFileReference; lastKnownFileType = file.xib; path = SpaceBetweenCell.xib; sourceTree = "<group>"; };
		2FE72954243065AE00FAAC42 /* SpaceBetweenSection.swift */ = {isa = PBXFileReference; lastKnownFileType = sourcecode.swift; path = SpaceBetweenSection.swift; sourceTree = "<group>"; };
		2FE729562430671800FAAC42 /* CenterButtonCell.swift */ = {isa = PBXFileReference; lastKnownFileType = sourcecode.swift; path = CenterButtonCell.swift; sourceTree = "<group>"; };
		2FE729572430671800FAAC42 /* CenterButtonCell.xib */ = {isa = PBXFileReference; lastKnownFileType = file.xib; path = CenterButtonCell.xib; sourceTree = "<group>"; };
		2FE7295A2430675600FAAC42 /* CenterButtonSection.swift */ = {isa = PBXFileReference; lastKnownFileType = sourcecode.swift; path = CenterButtonSection.swift; sourceTree = "<group>"; };
		2FE7295F2430888900FAAC42 /* GridFilmSection.swift */ = {isa = PBXFileReference; lastKnownFileType = sourcecode.swift; path = GridFilmSection.swift; sourceTree = "<group>"; };
/* End PBXFileReference section */

/* Begin PBXFrameworksBuildPhase section */
		2FE4CD98242F9D60003B4B79 /* Frameworks */ = {
			isa = PBXFrameworksBuildPhase;
			buildActionMask = 2147483647;
			files = (
				2FE0F837243641EC0004BF96 /* Kingfisher in Frameworks */,
				2FE0F83E243642F30004BF96 /* YoutubePlayerView in Frameworks */,
				2FE7295E243081B900FAAC42 /* ViewAnimator in Frameworks */,
			);
			runOnlyForDeploymentPostprocessing = 0;
		};
		2FE4CDAE242F9D62003B4B79 /* Frameworks */ = {
			isa = PBXFrameworksBuildPhase;
			buildActionMask = 2147483647;
			files = (
			);
			runOnlyForDeploymentPostprocessing = 0;
		};
		2FE4CDB9242F9D62003B4B79 /* Frameworks */ = {
			isa = PBXFrameworksBuildPhase;
			buildActionMask = 2147483647;
			files = (
			);
			runOnlyForDeploymentPostprocessing = 0;
		};
/* End PBXFrameworksBuildPhase section */

/* Begin PBXGroup section */
		2FE0F835243641EC0004BF96 /* Frameworks */ = {
			isa = PBXGroup;
			children = (
			);
			name = Frameworks;
			sourceTree = "<group>";
		};
		2FE0F83F243646FC0004BF96 /* Extensions */ = {
			isa = PBXGroup;
			children = (
				2FE0F840243647090004BF96 /* UIColorExtensions.swift */,
				2F581B242436DBA20062B950 /* StretchyLayout.swift */,
				2F581B2C2436E0F20062B950 /* NavBarTransparent.swift */,
			);
			path = Extensions;
			sourceTree = "<group>";
		};
		2FE4CD92242F9D60003B4B79 = {
			isa = PBXGroup;
			children = (
				2FE4CD9D242F9D60003B4B79 /* YukPlay */,
				2FE4CDB4242F9D62003B4B79 /* YukPlayTests */,
				2FE4CDBF242F9D62003B4B79 /* YukPlayUITests */,
				2FE4CD9C242F9D60003B4B79 /* Products */,
				2FE0F835243641EC0004BF96 /* Frameworks */,
			);
			sourceTree = "<group>";
		};
		2FE4CD9C242F9D60003B4B79 /* Products */ = {
			isa = PBXGroup;
			children = (
				2FE4CD9B242F9D60003B4B79 /* YukPlay.app */,
				2FE4CDB1242F9D62003B4B79 /* YukPlayTests.xctest */,
				2FE4CDBC242F9D62003B4B79 /* YukPlayUITests.xctest */,
			);
			name = Products;
			sourceTree = "<group>";
		};
		2FE4CD9D242F9D60003B4B79 /* YukPlay */ = {
			isa = PBXGroup;
			children = (
				2FE4CDEF242FC082003B4B79 /* Third Party */,
				2FE4CDDB242FA46E003B4B79 /* Protocol */,
				2FE4CDCF242F9F30003B4B79 /* ViewController */,
				2FE4CDCE242F9DEA003B4B79 /* Sections */,
				2FE4CDD6242FA441003B4B79 /* Cell */,
				2FE4CD9E242F9D60003B4B79 /* AppDelegate.swift */,
				2FE4CDA0242F9D60003B4B79 /* SceneDelegate.swift */,
				2FE4CDA4242F9D60003B4B79 /* Main.storyboard */,
				2FE4CDA7242F9D62003B4B79 /* Assets.xcassets */,
				2FE4CDA9242F9D62003B4B79 /* LaunchScreen.storyboard */,
				2FE4CDAC242F9D62003B4B79 /* Info.plist */,
			);
			path = YukPlay;
			sourceTree = "<group>";
		};
		2FE4CDB4242F9D62003B4B79 /* YukPlayTests */ = {
			isa = PBXGroup;
			children = (
				2FE4CDB5242F9D62003B4B79 /* YukPlayTests.swift */,
				2FE4CDB7242F9D62003B4B79 /* Info.plist */,
			);
			path = YukPlayTests;
			sourceTree = "<group>";
		};
		2FE4CDBF242F9D62003B4B79 /* YukPlayUITests */ = {
			isa = PBXGroup;
			children = (
				2FE4CDC0242F9D62003B4B79 /* YukPlayUITests.swift */,
				2FE4CDC2242F9D62003B4B79 /* Info.plist */,
			);
			path = YukPlayUITests;
			sourceTree = "<group>";
		};
		2FE4CDCE242F9DEA003B4B79 /* Sections */ = {
			isa = PBXGroup;
			children = (
				2FE4CDD4242FA409003B4B79 /* ShowCaseBannerSection.swift */,
				2FE4CDE5242FAC72003B4B79 /* FeaturedMovieVerticalSection.swift */,
				2FE4CDEB242FAE43003B4B79 /* SectionTitleSection.swift */,
				2FE4CDED242FB014003B4B79 /* FeaturedMovie2ColumnSection.swift */,
				2FE4CDFD242FC1D3003B4B79 /* BannerSlideFeatureSection.swift */,
				2FE7294824305D2B00FAAC42 /* ProfileUserSection.swift */,
				2FE7294E243062CA00FAAC42 /* ListMenuSection.swift */,
				2FE72954243065AE00FAAC42 /* SpaceBetweenSection.swift */,
				2FE7295A2430675600FAAC42 /* CenterButtonSection.swift */,
				2FE7295F2430888900FAAC42 /* GridFilmSection.swift */,
				2FE0F82C2436385C0004BF96 /* BestMovieWithShortVideoSection.swift */,
				2FE0F82E24363DD30004BF96 /* FeaturedMovieVerticalOnShortVideo.swift */,
			);
			path = Sections;
			sourceTree = "<group>";
		};
		2FE4CDCF242F9F30003B4B79 /* ViewController */ = {
			isa = PBXGroup;
			children = (
				2FE4CDD0242F9F3E003B4B79 /* BerandaViewController.swift */,
				2FE4CE04242FCE52003B4B79 /* PencarianFilmViewController.swift */,
				2FE729402430598E00FAAC42 /* DownloadFilmViewController.swift */,
				2FE7294224305AAD00FAAC42 /* AkunSayaViewController.swift */,
				2F581B222436D5740062B950 /* DetailFilmViewController.swift */,
			);
			path = ViewController;
			sourceTree = "<group>";
		};
		2FE4CDD6242FA441003B4B79 /* Cell */ = {
			isa = PBXGroup;
			children = (
				2FE4CDD7242FA465003B4B79 /* ShowCaseBannerCell.swift */,
				2FE4CDD8242FA465003B4B79 /* ShowCaseBannerCell.xib */,
				2FE4CDE7242FAD10003B4B79 /* SectionTitleCell.swift */,
				2FE4CDE8242FAD10003B4B79 /* SectionTitleCell.xib */,
				2FE4CDF9242FC0B1003B4B79 /* BannerSlideFeaturedCell.swift */,
				2FE4CDFA242FC0B1003B4B79 /* BannerSlideFeaturedCell.xib */,
				2FE7294424305BB400FAAC42 /* MyProfileCell.swift */,
				2FE7294524305BB400FAAC42 /* MyProfileCell.xib */,
				2FE7294A2430616E00FAAC42 /* ListMenuCell.swift */,
				2FE7294B2430616E00FAAC42 /* ListMenuCell.xib */,
				2FE729502430659200FAAC42 /* SpaceBetweenCell.swift */,
				2FE729512430659200FAAC42 /* SpaceBetweenCell.xib */,
				2FE729562430671800FAAC42 /* CenterButtonCell.swift */,
				2FE729572430671800FAAC42 /* CenterButtonCell.xib */,
				2F95BCBA243636A9006C29FA /* SectionWithShortVideoCell.swift */,
				2F95BCBB243636A9006C29FA /* SectionWithShortVideoCell.xib */,
				2F581B322436ED0A0062B950 /* DescriptionMovieCell.swift */,
				2F581B332436ED0A0062B950 /* DescriptionMovieCell.xib */,
				2F581B362436F3CB0062B950 /* MoreMovieGridListCell.swift */,
				2F581B372436F3CB0062B950 /* MoreMovieGridListCell.xib */,
			);
			path = Cell;
			sourceTree = "<group>";
		};
		2FE4CDDB242FA46E003B4B79 /* Protocol */ = {
			isa = PBXGroup;
			children = (
				2FE4CDD2242FA3A9003B4B79 /* Sections.swift */,
				2FE4CDDC242FA590003B4B79 /* ReusableView.swift */,
			);
			path = Protocol;
			sourceTree = "<group>";
		};
		2FE4CDEF242FC082003B4B79 /* Third Party */ = {
			isa = PBXGroup;
			children = (
				2FE0F83F243646FC0004BF96 /* Extensions */,
				2FE4CDFF242FCCF0003B4B79 /* EmptyView */,
				2FE4CDF0242FC092003B4B79 /* ZCycleView */,
			);
			path = "Third Party";
			sourceTree = "<group>";
		};
		2FE4CDF0242FC092003B4B79 /* ZCycleView */ = {
			isa = PBXGroup;
			children = (
				2FE4CDF1242FC092003B4B79 /* ZCycleView.swift */,
				2FE4CDF2242FC092003B4B79 /* ZCycleViewCell.swift */,
				2FE4CDF3242FC092003B4B79 /* ZCycleLayout.swift */,
				2FE4CDF4242FC092003B4B79 /* ZPageControl.swift */,
			);
			path = ZCycleView;
			sourceTree = "<group>";
		};
		2FE4CDFF242FCCF0003B4B79 /* EmptyView */ = {
			isa = PBXGroup;
			children = (
				2FE4CE00242FCD04003B4B79 /* EmptyView.swift */,
				2FE4CE02242FCD0E003B4B79 /* EmptyView.xib */,
			);
			path = EmptyView;
			sourceTree = "<group>";
		};
/* End PBXGroup section */

/* Begin PBXNativeTarget section */
		2FE4CD9A242F9D60003B4B79 /* YukPlay */ = {
			isa = PBXNativeTarget;
			buildConfigurationList = 2FE4CDC5242F9D62003B4B79 /* Build configuration list for PBXNativeTarget "YukPlay" */;
			buildPhases = (
				2FE4CD97242F9D60003B4B79 /* Sources */,
				2FE4CD98242F9D60003B4B79 /* Frameworks */,
				2FE4CD99242F9D60003B4B79 /* Resources */,
				2FE0F834243641DF0004BF96 /* Embed Frameworks */,
			);
			buildRules = (
			);
			dependencies = (
			);
			name = YukPlay;
			packageProductDependencies = (
				2FE7295D243081B900FAAC42 /* ViewAnimator */,
				2FE0F836243641EC0004BF96 /* Kingfisher */,
				2FE0F83D243642F30004BF96 /* YoutubePlayerView */,
			);
			productName = YukPlay;
			productReference = 2FE4CD9B242F9D60003B4B79 /* YukPlay.app */;
			productType = "com.apple.product-type.application";
		};
		2FE4CDB0242F9D62003B4B79 /* YukPlayTests */ = {
			isa = PBXNativeTarget;
			buildConfigurationList = 2FE4CDC8242F9D62003B4B79 /* Build configuration list for PBXNativeTarget "YukPlayTests" */;
			buildPhases = (
				2FE4CDAD242F9D62003B4B79 /* Sources */,
				2FE4CDAE242F9D62003B4B79 /* Frameworks */,
				2FE4CDAF242F9D62003B4B79 /* Resources */,
			);
			buildRules = (
			);
			dependencies = (
				2FE4CDB3242F9D62003B4B79 /* PBXTargetDependency */,
			);
			name = YukPlayTests;
			productName = YukPlayTests;
			productReference = 2FE4CDB1242F9D62003B4B79 /* YukPlayTests.xctest */;
			productType = "com.apple.product-type.bundle.unit-test";
		};
		2FE4CDBB242F9D62003B4B79 /* YukPlayUITests */ = {
			isa = PBXNativeTarget;
			buildConfigurationList = 2FE4CDCB242F9D62003B4B79 /* Build configuration list for PBXNativeTarget "YukPlayUITests" */;
			buildPhases = (
				2FE4CDB8242F9D62003B4B79 /* Sources */,
				2FE4CDB9242F9D62003B4B79 /* Frameworks */,
				2FE4CDBA242F9D62003B4B79 /* Resources */,
			);
			buildRules = (
			);
			dependencies = (
				2FE4CDBE242F9D62003B4B79 /* PBXTargetDependency */,
			);
			name = YukPlayUITests;
			productName = YukPlayUITests;
			productReference = 2FE4CDBC242F9D62003B4B79 /* YukPlayUITests.xctest */;
			productType = "com.apple.product-type.bundle.ui-testing";
		};
/* End PBXNativeTarget section */

/* Begin PBXProject section */
		2FE4CD93242F9D60003B4B79 /* Project object */ = {
			isa = PBXProject;
			attributes = {
				LastSwiftUpdateCheck = 1130;
				LastUpgradeCheck = 1130;
				ORGANIZATIONNAME = "Agus Cahyono";
				TargetAttributes = {
					2FE4CD9A242F9D60003B4B79 = {
						CreatedOnToolsVersion = 11.3.1;
					};
					2FE4CDB0242F9D62003B4B79 = {
						CreatedOnToolsVersion = 11.3.1;
						TestTargetID = 2FE4CD9A242F9D60003B4B79;
					};
					2FE4CDBB242F9D62003B4B79 = {
						CreatedOnToolsVersion = 11.3.1;
						TestTargetID = 2FE4CD9A242F9D60003B4B79;
					};
				};
			};
			buildConfigurationList = 2FE4CD96242F9D60003B4B79 /* Build configuration list for PBXProject "YukPlay" */;
			compatibilityVersion = "Xcode 9.3";
			developmentRegion = en;
			hasScannedForEncodings = 0;
			knownRegions = (
				en,
				Base,
			);
			mainGroup = 2FE4CD92242F9D60003B4B79;
			packageReferences = (
				2FE4CDDE242FA9C6003B4B79 /* XCRemoteSwiftPackageReference "Kingfisher" */,
				2FE7295C243081B900FAAC42 /* XCRemoteSwiftPackageReference "ViewAnimator" */,
				2FE0F83C243642F30004BF96 /* XCRemoteSwiftPackageReference "YoutubePlayerView" */,
			);
			productRefGroup = 2FE4CD9C242F9D60003B4B79 /* Products */;
			projectDirPath = "";
			projectRoot = "";
			targets = (
				2FE4CD9A242F9D60003B4B79 /* YukPlay */,
				2FE4CDB0242F9D62003B4B79 /* YukPlayTests */,
				2FE4CDBB242F9D62003B4B79 /* YukPlayUITests */,
			);
		};
/* End PBXProject section */

/* Begin PBXResourcesBuildPhase section */
		2FE4CD99242F9D60003B4B79 /* Resources */ = {
			isa = PBXResourcesBuildPhase;
			buildActionMask = 2147483647;
			files = (
				2FE4CDAB242F9D62003B4B79 /* LaunchScreen.storyboard in Resources */,
				2FE729532430659200FAAC42 /* SpaceBetweenCell.xib in Resources */,
				2FE7294724305BB400FAAC42 /* MyProfileCell.xib in Resources */,
				2FE4CDFC242FC0B1003B4B79 /* BannerSlideFeaturedCell.xib in Resources */,
				2FE4CDA8242F9D62003B4B79 /* Assets.xcassets in Resources */,
				2FE7294D2430616E00FAAC42 /* ListMenuCell.xib in Resources */,
				2F95BCBD243636A9006C29FA /* SectionWithShortVideoCell.xib in Resources */,
				2F581B392436F3CB0062B950 /* MoreMovieGridListCell.xib in Resources */,
				2FE4CE03242FCD0E003B4B79 /* EmptyView.xib in Resources */,
				2F581B352436ED0A0062B950 /* DescriptionMovieCell.xib in Resources */,
				2FE4CDDA242FA465003B4B79 /* ShowCaseBannerCell.xib in Resources */,
				2FE729592430671800FAAC42 /* CenterButtonCell.xib in Resources */,
				2FE4CDEA242FAD10003B4B79 /* SectionTitleCell.xib in Resources */,
				2FE4CDA6242F9D60003B4B79 /* Main.storyboard in Resources */,
			);
			runOnlyForDeploymentPostprocessing = 0;
		};
		2FE4CDAF242F9D62003B4B79 /* Resources */ = {
			isa = PBXResourcesBuildPhase;
			buildActionMask = 2147483647;
			files = (
			);
			runOnlyForDeploymentPostprocessing = 0;
		};
		2FE4CDBA242F9D62003B4B79 /* Resources */ = {
			isa = PBXResourcesBuildPhase;
			buildActionMask = 2147483647;
			files = (
			);
			runOnlyForDeploymentPostprocessing = 0;
		};
/* End PBXResourcesBuildPhase section */

/* Begin PBXSourcesBuildPhase section */
		2FE4CD97242F9D60003B4B79 /* Sources */ = {
			isa = PBXSourcesBuildPhase;
			buildActionMask = 2147483647;
			files = (
				2FE4CDD1242F9F3E003B4B79 /* BerandaViewController.swift in Sources */,
				2FE729602430888900FAAC42 /* GridFilmSection.swift in Sources */,
				2FE4CDF7242FC093003B4B79 /* ZCycleLayout.swift in Sources */,
				2FE7294924305D2B00FAAC42 /* ProfileUserSection.swift in Sources */,
				2FE4CDD3242FA3A9003B4B79 /* Sections.swift in Sources */,
				2FE4CDFE242FC1D3003B4B79 /* BannerSlideFeatureSection.swift in Sources */,
				2F581B342436ED0A0062B950 /* DescriptionMovieCell.swift in Sources */,
				2F581B2D2436E0F20062B950 /* NavBarTransparent.swift in Sources */,
				2FE72955243065AE00FAAC42 /* SpaceBetweenSection.swift in Sources */,
				2FE4CDD9242FA465003B4B79 /* ShowCaseBannerCell.swift in Sources */,
				2FE4CDD5242FA409003B4B79 /* ShowCaseBannerSection.swift in Sources */,
				2F95BCBC243636A9006C29FA /* SectionWithShortVideoCell.swift in Sources */,
				2FE729522430659200FAAC42 /* SpaceBetweenCell.swift in Sources */,
				2FE4CDEE242FB014003B4B79 /* FeaturedMovie2ColumnSection.swift in Sources */,
				2FE729582430671800FAAC42 /* CenterButtonCell.swift in Sources */,
				2FE7294624305BB400FAAC42 /* MyProfileCell.swift in Sources */,
				2FE4CDE6242FAC72003B4B79 /* FeaturedMovieVerticalSection.swift in Sources */,
				2FE4CDE9242FAD10003B4B79 /* SectionTitleCell.swift in Sources */,
				2FE4CDEC242FAE43003B4B79 /* SectionTitleSection.swift in Sources */,
				2FE4CE05242FCE52003B4B79 /* PencarianFilmViewController.swift in Sources */,
				2FE0F82F24363DD30004BF96 /* FeaturedMovieVerticalOnShortVideo.swift in Sources */,
				2F581B252436DBA20062B950 /* StretchyLayout.swift in Sources */,
				2FE4CE01242FCD04003B4B79 /* EmptyView.swift in Sources */,
				2FE7294C2430616E00FAAC42 /* ListMenuCell.swift in Sources */,
				2FE7295B2430675600FAAC42 /* CenterButtonSection.swift in Sources */,
				2F581B232436D5750062B950 /* DetailFilmViewController.swift in Sources */,
				2FE0F82D2436385C0004BF96 /* BestMovieWithShortVideoSection.swift in Sources */,
				2FE729412430598E00FAAC42 /* DownloadFilmViewController.swift in Sources */,
				2FE7294324305AAD00FAAC42 /* AkunSayaViewController.swift in Sources */,
				2FE0F841243647090004BF96 /* UIColorExtensions.swift in Sources */,
				2FE4CDF6242FC093003B4B79 /* ZCycleViewCell.swift in Sources */,
				2FE4CDF8242FC093003B4B79 /* ZPageControl.swift in Sources */,
				2FE4CDF5242FC093003B4B79 /* ZCycleView.swift in Sources */,
				2FE4CD9F242F9D60003B4B79 /* AppDelegate.swift in Sources */,
				2FE7294F243062CA00FAAC42 /* ListMenuSection.swift in Sources */,
				2F581B382436F3CB0062B950 /* MoreMovieGridListCell.swift in Sources */,
				2FE4CDDD242FA590003B4B79 /* ReusableView.swift in Sources */,
				2FE4CDA1242F9D60003B4B79 /* SceneDelegate.swift in Sources */,
				2FE4CDFB242FC0B1003B4B79 /* BannerSlideFeaturedCell.swift in Sources */,
			);
			runOnlyForDeploymentPostprocessing = 0;
		};
		2FE4CDAD242F9D62003B4B79 /* Sources */ = {
			isa = PBXSourcesBuildPhase;
			buildActionMask = 2147483647;
			files = (
				2FE4CDB6242F9D62003B4B79 /* YukPlayTests.swift in Sources */,
			);
			runOnlyForDeploymentPostprocessing = 0;
		};
		2FE4CDB8242F9D62003B4B79 /* Sources */ = {
			isa = PBXSourcesBuildPhase;
			buildActionMask = 2147483647;
			files = (
				2FE4CDC1242F9D62003B4B79 /* YukPlayUITests.swift in Sources */,
			);
			runOnlyForDeploymentPostprocessing = 0;
		};
/* End PBXSourcesBuildPhase section */

/* Begin PBXTargetDependency section */
		2FE4CDB3242F9D62003B4B79 /* PBXTargetDependency */ = {
			isa = PBXTargetDependency;
			target = 2FE4CD9A242F9D60003B4B79 /* YukPlay */;
			targetProxy = 2FE4CDB2242F9D62003B4B79 /* PBXContainerItemProxy */;
		};
		2FE4CDBE242F9D62003B4B79 /* PBXTargetDependency */ = {
			isa = PBXTargetDependency;
			target = 2FE4CD9A242F9D60003B4B79 /* YukPlay */;
			targetProxy = 2FE4CDBD242F9D62003B4B79 /* PBXContainerItemProxy */;
		};
/* End PBXTargetDependency section */

/* Begin PBXVariantGroup section */
		2FE4CDA4242F9D60003B4B79 /* Main.storyboard */ = {
			isa = PBXVariantGroup;
			children = (
				2FE4CDA5242F9D60003B4B79 /* Base */,
			);
			name = Main.storyboard;
			sourceTree = "<group>";
		};
		2FE4CDA9242F9D62003B4B79 /* LaunchScreen.storyboard */ = {
			isa = PBXVariantGroup;
			children = (
				2FE4CDAA242F9D62003B4B79 /* Base */,
			);
			name = LaunchScreen.storyboard;
			sourceTree = "<group>";
		};
/* End PBXVariantGroup section */

/* Begin XCBuildConfiguration section */
		2FE4CDC3242F9D62003B4B79 /* Debug */ = {
			isa = XCBuildConfiguration;
			buildSettings = {
				ALWAYS_SEARCH_USER_PATHS = NO;
				CLANG_ANALYZER_NONNULL = YES;
				CLANG_ANALYZER_NUMBER_OBJECT_CONVERSION = YES_AGGRESSIVE;
				CLANG_CXX_LANGUAGE_STANDARD = "gnu++14";
				CLANG_CXX_LIBRARY = "libc++";
				CLANG_ENABLE_MODULES = YES;
				CLANG_ENABLE_OBJC_ARC = YES;
				CLANG_ENABLE_OBJC_WEAK = YES;
				CLANG_WARN_BLOCK_CAPTURE_AUTORELEASING = YES;
				CLANG_WARN_BOOL_CONVERSION = YES;
				CLANG_WARN_COMMA = YES;
				CLANG_WARN_CONSTANT_CONVERSION = YES;
				CLANG_WARN_DEPRECATED_OBJC_IMPLEMENTATIONS = YES;
				CLANG_WARN_DIRECT_OBJC_ISA_USAGE = YES_ERROR;
				CLANG_WARN_DOCUMENTATION_COMMENTS = YES;
				CLANG_WARN_EMPTY_BODY = YES;
				CLANG_WARN_ENUM_CONVERSION = YES;
				CLANG_WARN_INFINITE_RECURSION = YES;
				CLANG_WARN_INT_CONVERSION = YES;
				CLANG_WARN_NON_LITERAL_NULL_CONVERSION = YES;
				CLANG_WARN_OBJC_IMPLICIT_RETAIN_SELF = YES;
				CLANG_WARN_OBJC_LITERAL_CONVERSION = YES;
				CLANG_WARN_OBJC_ROOT_CLASS = YES_ERROR;
				CLANG_WARN_RANGE_LOOP_ANALYSIS = YES;
				CLANG_WARN_STRICT_PROTOTYPES = YES;
				CLANG_WARN_SUSPICIOUS_MOVE = YES;
				CLANG_WARN_UNGUARDED_AVAILABILITY = YES_AGGRESSIVE;
				CLANG_WARN_UNREACHABLE_CODE = YES;
				CLANG_WARN__DUPLICATE_METHOD_MATCH = YES;
				COPY_PHASE_STRIP = NO;
				DEBUG_INFORMATION_FORMAT = dwarf;
				ENABLE_STRICT_OBJC_MSGSEND = YES;
				ENABLE_TESTABILITY = YES;
				GCC_C_LANGUAGE_STANDARD = gnu11;
				GCC_DYNAMIC_NO_PIC = NO;
				GCC_NO_COMMON_BLOCKS = YES;
				GCC_OPTIMIZATION_LEVEL = 0;
				GCC_PREPROCESSOR_DEFINITIONS = (
					"DEBUG=1",
					"$(inherited)",
				);
				GCC_WARN_64_TO_32_BIT_CONVERSION = YES;
				GCC_WARN_ABOUT_RETURN_TYPE = YES_ERROR;
				GCC_WARN_UNDECLARED_SELECTOR = YES;
				GCC_WARN_UNINITIALIZED_AUTOS = YES_AGGRESSIVE;
				GCC_WARN_UNUSED_FUNCTION = YES;
				GCC_WARN_UNUSED_VARIABLE = YES;
				IPHONEOS_DEPLOYMENT_TARGET = 13.2;
				MTL_ENABLE_DEBUG_INFO = INCLUDE_SOURCE;
				MTL_FAST_MATH = YES;
				ONLY_ACTIVE_ARCH = YES;
				SDKROOT = iphoneos;
				SWIFT_ACTIVE_COMPILATION_CONDITIONS = DEBUG;
				SWIFT_OPTIMIZATION_LEVEL = "-Onone";
			};
			name = Debug;
		};
		2FE4CDC4242F9D62003B4B79 /* Release */ = {
			isa = XCBuildConfiguration;
			buildSettings = {
				ALWAYS_SEARCH_USER_PATHS = NO;
				CLANG_ANALYZER_NONNULL = YES;
				CLANG_ANALYZER_NUMBER_OBJECT_CONVERSION = YES_AGGRESSIVE;
				CLANG_CXX_LANGUAGE_STANDARD = "gnu++14";
				CLANG_CXX_LIBRARY = "libc++";
				CLANG_ENABLE_MODULES = YES;
				CLANG_ENABLE_OBJC_ARC = YES;
				CLANG_ENABLE_OBJC_WEAK = YES;
				CLANG_WARN_BLOCK_CAPTURE_AUTORELEASING = YES;
				CLANG_WARN_BOOL_CONVERSION = YES;
				CLANG_WARN_COMMA = YES;
				CLANG_WARN_CONSTANT_CONVERSION = YES;
				CLANG_WARN_DEPRECATED_OBJC_IMPLEMENTATIONS = YES;
				CLANG_WARN_DIRECT_OBJC_ISA_USAGE = YES_ERROR;
				CLANG_WARN_DOCUMENTATION_COMMENTS = YES;
				CLANG_WARN_EMPTY_BODY = YES;
				CLANG_WARN_ENUM_CONVERSION = YES;
				CLANG_WARN_INFINITE_RECURSION = YES;
				CLANG_WARN_INT_CONVERSION = YES;
				CLANG_WARN_NON_LITERAL_NULL_CONVERSION = YES;
				CLANG_WARN_OBJC_IMPLICIT_RETAIN_SELF = YES;
				CLANG_WARN_OBJC_LITERAL_CONVERSION = YES;
				CLANG_WARN_OBJC_ROOT_CLASS = YES_ERROR;
				CLANG_WARN_RANGE_LOOP_ANALYSIS = YES;
				CLANG_WARN_STRICT_PROTOTYPES = YES;
				CLANG_WARN_SUSPICIOUS_MOVE = YES;
				CLANG_WARN_UNGUARDED_AVAILABILITY = YES_AGGRESSIVE;
				CLANG_WARN_UNREACHABLE_CODE = YES;
				CLANG_WARN__DUPLICATE_METHOD_MATCH = YES;
				COPY_PHASE_STRIP = NO;
				DEBUG_INFORMATION_FORMAT = "dwarf-with-dsym";
				ENABLE_NS_ASSERTIONS = NO;
				ENABLE_STRICT_OBJC_MSGSEND = YES;
				GCC_C_LANGUAGE_STANDARD = gnu11;
				GCC_NO_COMMON_BLOCKS = YES;
				GCC_WARN_64_TO_32_BIT_CONVERSION = YES;
				GCC_WARN_ABOUT_RETURN_TYPE = YES_ERROR;
				GCC_WARN_UNDECLARED_SELECTOR = YES;
				GCC_WARN_UNINITIALIZED_AUTOS = YES_AGGRESSIVE;
				GCC_WARN_UNUSED_FUNCTION = YES;
				GCC_WARN_UNUSED_VARIABLE = YES;
				IPHONEOS_DEPLOYMENT_TARGET = 13.2;
				MTL_ENABLE_DEBUG_INFO = NO;
				MTL_FAST_MATH = YES;
				SDKROOT = iphoneos;
				SWIFT_COMPILATION_MODE = wholemodule;
				SWIFT_OPTIMIZATION_LEVEL = "-O";
				VALIDATE_PRODUCT = YES;
			};
			name = Release;
		};
		2FE4CDC6242F9D62003B4B79 /* Debug */ = {
			isa = XCBuildConfiguration;
			buildSettings = {
				ASSETCATALOG_COMPILER_APPICON_NAME = AppIcon;
				CODE_SIGN_STYLE = Automatic;
				DEVELOPMENT_TEAM = WLZUSDKND9;
				INFOPLIST_FILE = YukPlay/Info.plist;
				LD_RUNPATH_SEARCH_PATHS = (
					"$(inherited)",
					"@executable_path/Frameworks",
				);
				PRODUCT_BUNDLE_IDENTIFIER = gus.id.YukPlay;
				PRODUCT_NAME = "$(TARGET_NAME)";
				SWIFT_VERSION = 5.0;
				TARGETED_DEVICE_FAMILY = "1,2";
			};
			name = Debug;
		};
		2FE4CDC7242F9D62003B4B79 /* Release */ = {
			isa = XCBuildConfiguration;
			buildSettings = {
				ASSETCATALOG_COMPILER_APPICON_NAME = AppIcon;
				CODE_SIGN_STYLE = Automatic;
				DEVELOPMENT_TEAM = WLZUSDKND9;
				INFOPLIST_FILE = YukPlay/Info.plist;
				LD_RUNPATH_SEARCH_PATHS = (
					"$(inherited)",
					"@executable_path/Frameworks",
				);
				PRODUCT_BUNDLE_IDENTIFIER = gus.id.YukPlay;
				PRODUCT_NAME = "$(TARGET_NAME)";
				SWIFT_VERSION = 5.0;
				TARGETED_DEVICE_FAMILY = "1,2";
			};
			name = Release;
		};
		2FE4CDC9242F9D62003B4B79 /* Debug */ = {
			isa = XCBuildConfiguration;
			buildSettings = {
				ALWAYS_EMBED_SWIFT_STANDARD_LIBRARIES = YES;
				BUNDLE_LOADER = "$(TEST_HOST)";
				CODE_SIGN_STYLE = Automatic;
				DEVELOPMENT_TEAM = WLZUSDKND9;
				INFOPLIST_FILE = YukPlayTests/Info.plist;
				IPHONEOS_DEPLOYMENT_TARGET = 13.2;
				LD_RUNPATH_SEARCH_PATHS = (
					"$(inherited)",
					"@executable_path/Frameworks",
					"@loader_path/Frameworks",
				);
				PRODUCT_BUNDLE_IDENTIFIER = gus.id.YukPlayTests;
				PRODUCT_NAME = "$(TARGET_NAME)";
				SWIFT_VERSION = 5.0;
				TARGETED_DEVICE_FAMILY = "1,2";
				TEST_HOST = "$(BUILT_PRODUCTS_DIR)/YukPlay.app/YukPlay";
			};
			name = Debug;
		};
		2FE4CDCA242F9D62003B4B79 /* Release */ = {
			isa = XCBuildConfiguration;
			buildSettings = {
				ALWAYS_EMBED_SWIFT_STANDARD_LIBRARIES = YES;
				BUNDLE_LOADER = "$(TEST_HOST)";
				CODE_SIGN_STYLE = Automatic;
				DEVELOPMENT_TEAM = WLZUSDKND9;
				INFOPLIST_FILE = YukPlayTests/Info.plist;
				IPHONEOS_DEPLOYMENT_TARGET = 13.2;
				LD_RUNPATH_SEARCH_PATHS = (
					"$(inherited)",
					"@executable_path/Frameworks",
					"@loader_path/Frameworks",
				);
				PRODUCT_BUNDLE_IDENTIFIER = gus.id.YukPlayTests;
				PRODUCT_NAME = "$(TARGET_NAME)";
				SWIFT_VERSION = 5.0;
				TARGETED_DEVICE_FAMILY = "1,2";
				TEST_HOST = "$(BUILT_PRODUCTS_DIR)/YukPlay.app/YukPlay";
			};
			name = Release;
		};
		2FE4CDCC242F9D62003B4B79 /* Debug */ = {
			isa = XCBuildConfiguration;
			buildSettings = {
				ALWAYS_EMBED_SWIFT_STANDARD_LIBRARIES = YES;
				CODE_SIGN_STYLE = Automatic;
				DEVELOPMENT_TEAM = WLZUSDKND9;
				INFOPLIST_FILE = YukPlayUITests/Info.plist;
				LD_RUNPATH_SEARCH_PATHS = (
					"$(inherited)",
					"@executable_path/Frameworks",
					"@loader_path/Frameworks",
				);
				PRODUCT_BUNDLE_IDENTIFIER = gus.id.YukPlayUITests;
				PRODUCT_NAME = "$(TARGET_NAME)";
				SWIFT_VERSION = 5.0;
				TARGETED_DEVICE_FAMILY = "1,2";
				TEST_TARGET_NAME = YukPlay;
			};
			name = Debug;
		};
		2FE4CDCD242F9D62003B4B79 /* Release */ = {
			isa = XCBuildConfiguration;
			buildSettings = {
				ALWAYS_EMBED_SWIFT_STANDARD_LIBRARIES = YES;
				CODE_SIGN_STYLE = Automatic;
				DEVELOPMENT_TEAM = WLZUSDKND9;
				INFOPLIST_FILE = YukPlayUITests/Info.plist;
				LD_RUNPATH_SEARCH_PATHS = (
					"$(inherited)",
					"@executable_path/Frameworks",
					"@loader_path/Frameworks",
				);
				PRODUCT_BUNDLE_IDENTIFIER = gus.id.YukPlayUITests;
				PRODUCT_NAME = "$(TARGET_NAME)";
				SWIFT_VERSION = 5.0;
				TARGETED_DEVICE_FAMILY = "1,2";
				TEST_TARGET_NAME = YukPlay;
			};
			name = Release;
		};
/* End XCBuildConfiguration section */

/* Begin XCConfigurationList section */
		2FE4CD96242F9D60003B4B79 /* Build configuration list for PBXProject "YukPlay" */ = {
			isa = XCConfigurationList;
			buildConfigurations = (
				2FE4CDC3242F9D62003B4B79 /* Debug */,
				2FE4CDC4242F9D62003B4B79 /* Release */,
			);
			defaultConfigurationIsVisible = 0;
			defaultConfigurationName = Release;
		};
		2FE4CDC5242F9D62003B4B79 /* Build configuration list for PBXNativeTarget "YukPlay" */ = {
			isa = XCConfigurationList;
			buildConfigurations = (
				2FE4CDC6242F9D62003B4B79 /* Debug */,
				2FE4CDC7242F9D62003B4B79 /* Release */,
			);
			defaultConfigurationIsVisible = 0;
			defaultConfigurationName = Release;
		};
		2FE4CDC8242F9D62003B4B79 /* Build configuration list for PBXNativeTarget "YukPlayTests" */ = {
			isa = XCConfigurationList;
			buildConfigurations = (
				2FE4CDC9242F9D62003B4B79 /* Debug */,
				2FE4CDCA242F9D62003B4B79 /* Release */,
			);
			defaultConfigurationIsVisible = 0;
			defaultConfigurationName = Release;
		};
		2FE4CDCB242F9D62003B4B79 /* Build configuration list for PBXNativeTarget "YukPlayUITests" */ = {
			isa = XCConfigurationList;
			buildConfigurations = (
				2FE4CDCC242F9D62003B4B79 /* Debug */,
				2FE4CDCD242F9D62003B4B79 /* Release */,
			);
			defaultConfigurationIsVisible = 0;
			defaultConfigurationName = Release;
		};
/* End XCConfigurationList section */

/* Begin XCRemoteSwiftPackageReference section */
		2FE0F83C243642F30004BF96 /* XCRemoteSwiftPackageReference "YoutubePlayerView" */ = {
			isa = XCRemoteSwiftPackageReference;
			repositoryURL = "https://github.com/mukeshydv/YoutubePlayerView";
			requirement = {
				kind = upToNextMajorVersion;
				minimumVersion = 1.2.1;
			};
		};
		2FE4CDDE242FA9C6003B4B79 /* XCRemoteSwiftPackageReference "Kingfisher" */ = {
			isa = XCRemoteSwiftPackageReference;
			repositoryURL = "https://github.com/onevcat/Kingfisher.git";
			requirement = {
				kind = upToNextMajorVersion;
				minimumVersion = 5.13.2;
			};
		};
		2FE7295C243081B900FAAC42 /* XCRemoteSwiftPackageReference "ViewAnimator" */ = {
			isa = XCRemoteSwiftPackageReference;
			repositoryURL = "https://github.com/marcosgriselli/ViewAnimator";
			requirement = {
				kind = upToNextMajorVersion;
				minimumVersion = 2.7.0;
			};
		};
/* End XCRemoteSwiftPackageReference section */

/* Begin XCSwiftPackageProductDependency section */
		2FE0F836243641EC0004BF96 /* Kingfisher */ = {
			isa = XCSwiftPackageProductDependency;
			package = 2FE4CDDE242FA9C6003B4B79 /* XCRemoteSwiftPackageReference "Kingfisher" */;
			productName = Kingfisher;
		};
		2FE0F83D243642F30004BF96 /* YoutubePlayerView */ = {
			isa = XCSwiftPackageProductDependency;
			package = 2FE0F83C243642F30004BF96 /* XCRemoteSwiftPackageReference "YoutubePlayerView" */;
			productName = YoutubePlayerView;
		};
		2FE7295D243081B900FAAC42 /* ViewAnimator */ = {
			isa = XCSwiftPackageProductDependency;
			package = 2FE7295C243081B900FAAC42 /* XCRemoteSwiftPackageReference "ViewAnimator" */;
			productName = ViewAnimator;
		};
/* End XCSwiftPackageProductDependency section */
	};
	rootObject = 2FE4CD93242F9D60003B4B79 /* Project object */;
}
