{
  "object": {
    "pins": [
      {
        "package": "Kingfisher",
        "repositoryURL": "https://github.com/onevcat/Kingfisher.git",
        "state": {
          "branch": null,
          "revision": "7ccfb6cefdb6180cde839310e3dbd5b2d6fefee5",
          "version": "5.13.3"
        }
      },
      {
        "package": "ViewAnimator",
        "repositoryURL": "https://github.com/marcosgriselli/ViewAnimator",
        "state": {
          "branch": null,
          "revision": "17e7ba9e9c9e09bfd46086e0189b198fedc67847",
          "version": "2.7.0"
        }
      },
      {
        "package": "YoutubePlayerView",
        "repositoryURL": "https://github.com/mukeshydv/YoutubePlayerView",
        "state": {
          "branch": null,
          "revision": "cf35d8e600c2283a585bbeb7e8a555a712387f41",
          "version": "1.2.1"
        }
      }
    ]
  },
  "version": 1
}
